
Microsoft Visual Studio Solution File, Format Version 12.00
# Visual Studio Version 16
VisualStudioVersion = 16.0.32929.386
MinimumVisualStudioVersion = 10.0.40219.1
Project("{FAE04EC0-301F-11D3-BF4B-00C04F79EFBC}") = "proyect2", "proyect2\proyect2.csproj", "{7DEF2455-A164-44DB-8041-B71D8E34F2CE}"
EndProject
Global
	GlobalSection(SolutionConfigurationPlatforms) = preSolution
		Debug|Any CPU = Debug|Any CPU
		Release|Any CPU = Release|Any CPU
	EndGlobalSection
	GlobalSection(ProjectConfigurationPlatforms) = postSolution
		{7DEF2455-A164-44DB-8041-B71D8E34F2CE}.Debug|Any CPU.ActiveCfg = Debug|Any CPU
		{7DEF2455-A164-44DB-8041-B71D8E34F2CE}.Debug|Any CPU.Build.0 = Debug|Any CPU
		{7DEF2455-A164-44DB-8041-B71D8E34F2CE}.Release|Any CPU.ActiveCfg = Release|Any CPU
		{7DEF2455-A164-44DB-8041-B71D8E34F2CE}.Release|Any CPU.Build.0 = Release|Any CPU
	EndGlobalSection
	GlobalSection(SolutionProperties) = preSolution
		HideSolutionNode = FALSE
	EndGlobalSection
	GlobalSection(ExtensibilityGlobals) = postSolution
		SolutionGuid = {1A92A2F0-025E-441E-8BCC-E372197F0721}
	EndGlobalSection
EndGlobal
